
Microsoft Visual Studio Solution File, Format Version 12.00
# Visual Studio Version 17
VisualStudioVersion = 17.5.33414.496
MinimumVisualStudioVersion = 10.0.40219.1
Project("{9A19103F-16F7-4668-BE54-9A1E7A4F7556}") = "UpkeepBase", "UpkeepBase\UpkeepBase.csproj", "{3D3B8CF2-982E-437C-8FEC-8E5F0AAA090E}"
EndProject
Project("{9A19103F-16F7-4668-BE54-9A1E7A4F7556}") = "UpkeepBaseTest", "UpkeepBaseTest\UpkeepBaseTest.csproj", "{8D90AA92-BCD2-4DE1-A9A6-26E6570345A8}"
EndProject
Project("{FAE04EC0-301F-11D3-BF4B-00C04F79EFBC}") = "Upkeep-iOS", "Upkeep-iOS\Upkeep-iOS.csproj", "{83BED497-CFB8-41F8-912E-511618F82B54}"
EndProject
Global
	GlobalSection(SolutionConfigurationPlatforms) = preSolution
		Debug|Any CPU = Debug|Any CPU
		Debug|iPhone = Debug|iPhone
		Debug|iPhoneSimulator = Debug|iPhoneSimulator
		Release|Any CPU = Release|Any CPU
		Release|iPhone = Release|iPhone
		Release|iPhoneSimulator = Release|iPhoneSimulator
	EndGlobalSection
	GlobalSection(ProjectConfigurationPlatforms) = postSolution
		{3D3B8CF2-982E-437C-8FEC-8E5F0AAA090E}.Debug|Any CPU.ActiveCfg = Debug|Any CPU
		{3D3B8CF2-982E-437C-8FEC-8E5F0AAA090E}.Debug|Any CPU.Build.0 = Debug|Any CPU
		{3D3B8CF2-982E-437C-8FEC-8E5F0AAA090E}.Debug|iPhone.ActiveCfg = Debug|Any CPU
		{3D3B8CF2-982E-437C-8FEC-8E5F0AAA090E}.Debug|iPhone.Build.0 = Debug|Any CPU
		{3D3B8CF2-982E-437C-8FEC-8E5F0AAA090E}.Debug|iPhoneSimulator.ActiveCfg = Debug|Any CPU
		{3D3B8CF2-982E-437C-8FEC-8E5F0AAA090E}.Debug|iPhoneSimulator.Build.0 = Debug|Any CPU
		{3D3B8CF2-982E-437C-8FEC-8E5F0AAA090E}.Release|Any CPU.ActiveCfg = Release|Any CPU
		{3D3B8CF2-982E-437C-8FEC-8E5F0AAA090E}.Release|Any CPU.Build.0 = Release|Any CPU
		{3D3B8CF2-982E-437C-8FEC-8E5F0AAA090E}.Release|iPhone.ActiveCfg = Release|Any CPU
		{3D3B8CF2-982E-437C-8FEC-8E5F0AAA090E}.Release|iPhone.Build.0 = Release|Any CPU
		{3D3B8CF2-982E-437C-8FEC-8E5F0AAA090E}.Release|iPhoneSimulator.ActiveCfg = Release|Any CPU
		{3D3B8CF2-982E-437C-8FEC-8E5F0AAA090E}.Release|iPhoneSimulator.Build.0 = Release|Any CPU
		{8D90AA92-BCD2-4DE1-A9A6-26E6570345A8}.Debug|Any CPU.ActiveCfg = Debug|Any CPU
		{8D90AA92-BCD2-4DE1-A9A6-26E6570345A8}.Debug|Any CPU.Build.0 = Debug|Any CPU
		{8D90AA92-BCD2-4DE1-A9A6-26E6570345A8}.Debug|iPhone.ActiveCfg = Debug|Any CPU
		{8D90AA92-BCD2-4DE1-A9A6-26E6570345A8}.Debug|iPhone.Build.0 = Debug|Any CPU
		{8D90AA92-BCD2-4DE1-A9A6-26E6570345A8}.Debug|iPhoneSimulator.ActiveCfg = Debug|Any CPU
		{8D90AA92-BCD2-4DE1-A9A6-26E6570345A8}.Debug|iPhoneSimulator.Build.0 = Debug|Any CPU
		{8D90AA92-BCD2-4DE1-A9A6-26E6570345A8}.Release|Any CPU.ActiveCfg = Release|Any CPU
		{8D90AA92-BCD2-4DE1-A9A6-26E6570345A8}.Release|Any CPU.Build.0 = Release|Any CPU
		{8D90AA92-BCD2-4DE1-A9A6-26E6570345A8}.Release|iPhone.ActiveCfg = Release|Any CPU
		{8D90AA92-BCD2-4DE1-A9A6-26E6570345A8}.Release|iPhone.Build.0 = Release|Any CPU
		{8D90AA92-BCD2-4DE1-A9A6-26E6570345A8}.Release|iPhoneSimulator.ActiveCfg = Release|Any CPU
		{8D90AA92-BCD2-4DE1-A9A6-26E6570345A8}.Release|iPhoneSimulator.Build.0 = Release|Any CPU
		{83BED497-CFB8-41F8-912E-511618F82B54}.Debug|Any CPU.ActiveCfg = Debug|iPhoneSimulator
		{83BED497-CFB8-41F8-912E-511618F82B54}.Debug|Any CPU.Build.0 = Debug|iPhoneSimulator
		{83BED497-CFB8-41F8-912E-511618F82B54}.Debug|iPhone.ActiveCfg = Debug|iPhone
		{83BED497-CFB8-41F8-912E-511618F82B54}.Debug|iPhone.Build.0 = Debug|iPhone
		{83BED497-CFB8-41F8-912E-511618F82B54}.Debug|iPhoneSimulator.ActiveCfg = Debug|iPhoneSimulator
		{83BED497-CFB8-41F8-912E-511618F82B54}.Debug|iPhoneSimulator.Build.0 = Debug|iPhoneSimulator
		{83BED497-CFB8-41F8-912E-511618F82B54}.Release|Any CPU.ActiveCfg = Release|iPhoneSimulator
		{83BED497-CFB8-41F8-912E-511618F82B54}.Release|Any CPU.Build.0 = Release|iPhoneSimulator
		{83BED497-CFB8-41F8-912E-511618F82B54}.Release|iPhone.ActiveCfg = Release|iPhone
		{83BED497-CFB8-41F8-912E-511618F82B54}.Release|iPhone.Build.0 = Release|iPhone
		{83BED497-CFB8-41F8-912E-511618F82B54}.Release|iPhoneSimulator.ActiveCfg = Release|iPhoneSimulator
		{83BED497-CFB8-41F8-912E-511618F82B54}.Release|iPhoneSimulator.Build.0 = Release|iPhoneSimulator
	EndGlobalSection
	GlobalSection(SolutionProperties) = preSolution
		HideSolutionNode = FALSE
	EndGlobalSection
	GlobalSection(ExtensibilityGlobals) = postSolution
		SolutionGuid = {743B8DB0-CA92-46DF-A084-976C0CD06916}
	EndGlobalSection
EndGlobal
