Microsoft Visual Studio Solution File, Format Version 12.00
# Visual Studio Version 17
VisualStudioVersion = 17.5.33414.496
MinimumVisualStudioVersion = 10.0.40219.1
Project("{9A19103F-16F7-4668-BE54-9A1E7A4F7556}") = "UpkeepBase", "UpkeepBase\UpkeepBase.csproj", "{3D3B8CF2-982E-437C-8FEC-8E5F0AAA090E}"
EndProject
Project("{9A19103F-16F7-4668-BE54-9A1E7A4F7556}") = "UpkeepBaseTest", "UpkeepBaseTest\UpkeepBaseTest.csproj", "{8D90AA92-BCD2-4DE1-A9A6-26E6570345A8}"
EndProject
Project("{FAE04EC0-301F-11D3-BF4B-00C04F79EFBC}") = "Upkeep-Android", "Upkeep-Android\Upkeep-Android.csproj", "{72051060-C9A2-45C0-B149-8D0C68D6D64F}"
	ProjectSection(ProjectDependencies) = postProject
		{3D3B8CF2-982E-437C-8FEC-8E5F0AAA090E} = {3D3B8CF2-982E-437C-8FEC-8E5F0AAA090E}
	EndProjectSection
EndProject
Project("{FAE04EC0-301F-11D3-BF4B-00C04F79EFBC}") = "Upkeep-iOS", "Upkeep-iOS\Upkeep-iOS.csproj", "{04FBDA40-E437-4512-BE53-9B4C8579DB01}"
EndProject
Global
	GlobalSection(SolutionConfigurationPlatforms) = preSolution
		Debug|Any CPU = Debug|Any CPU
		Debug|iPhone = Debug|iPhone
		Debug|iPhoneSimulator = Debug|iPhoneSimulator
		Release|Any CPU = Release|Any CPU
		Release|iPhone = Release|iPhone
		Release|iPhoneSimulator = Release|iPhoneSimulator
	EndGlobalSection
	GlobalSection(ProjectConfigurationPlatforms) = postSolution
		{3D3B8CF2-982E-437C-8FEC-8E5F0AAA090E}.Debug|Any CPU.ActiveCfg = Debug|Any CPU
		{3D3B8CF2-982E-437C-8FEC-8E5F0AAA090E}.Debug|Any CPU.Build.0 = Debug|Any CPU
		{3D3B8CF2-982E-437C-8FEC-8E5F0AAA090E}.Debug|iPhone.ActiveCfg = Debug|Any CPU
		{3D3B8CF2-982E-437C-8FEC-8E5F0AAA090E}.Debug|iPhone.Build.0 = Debug|Any CPU
		{3D3B8CF2-982E-437C-8FEC-8E5F0AAA090E}.Debug|iPhoneSimulator.ActiveCfg = Debug|Any CPU
		{3D3B8CF2-982E-437C-8FEC-8E5F0AAA090E}.Debug|iPhoneSimulator.Build.0 = Debug|Any CPU
		{3D3B8CF2-982E-437C-8FEC-8E5F0AAA090E}.Release|Any CPU.ActiveCfg = Release|Any CPU
		{3D3B8CF2-982E-437C-8FEC-8E5F0AAA090E}.Release|Any CPU.Build.0 = Release|Any CPU
		{3D3B8CF2-982E-437C-8FEC-8E5F0AAA090E}.Release|iPhone.ActiveCfg = Release|Any CPU
		{3D3B8CF2-982E-437C-8FEC-8E5F0AAA090E}.Release|iPhone.Build.0 = Release|Any CPU
		{3D3B8CF2-982E-437C-8FEC-8E5F0AAA090E}.Release|iPhoneSimulator.ActiveCfg = Release|Any CPU
		{3D3B8CF2-982E-437C-8FEC-8E5F0AAA090E}.Release|iPhoneSimulator.Build.0 = Release|Any CPU
		{8D90AA92-BCD2-4DE1-A9A6-26E6570345A8}.Debug|Any CPU.ActiveCfg = Debug|Any CPU
		{8D90AA92-BCD2-4DE1-A9A6-26E6570345A8}.Debug|Any CPU.Build.0 = Debug|Any CPU
		{8D90AA92-BCD2-4DE1-A9A6-26E6570345A8}.Debug|iPhone.ActiveCfg = Debug|Any CPU
		{8D90AA92-BCD2-4DE1-A9A6-26E6570345A8}.Debug|iPhone.Build.0 = Debug|Any CPU
		{8D90AA92-BCD2-4DE1-A9A6-26E6570345A8}.Debug|iPhoneSimulator.ActiveCfg = Debug|Any CPU
		{8D90AA92-BCD2-4DE1-A9A6-26E6570345A8}.Debug|iPhoneSimulator.Build.0 = Debug|Any CPU
		{8D90AA92-BCD2-4DE1-A9A6-26E6570345A8}.Release|Any CPU.ActiveCfg = Release|Any CPU
		{8D90AA92-BCD2-4DE1-A9A6-26E6570345A8}.Release|Any CPU.Build.0 = Release|Any CPU
		{8D90AA92-BCD2-4DE1-A9A6-26E6570345A8}.Release|iPhone.ActiveCfg = Release|Any CPU
		{8D90AA92-BCD2-4DE1-A9A6-26E6570345A8}.Release|iPhone.Build.0 = Release|Any CPU
		{8D90AA92-BCD2-4DE1-A9A6-26E6570345A8}.Release|iPhoneSimulator.ActiveCfg = Release|Any CPU
		{8D90AA92-BCD2-4DE1-A9A6-26E6570345A8}.Release|iPhoneSimulator.Build.0 = Release|Any CPU
		{72051060-C9A2-45C0-B149-8D0C68D6D64F}.Debug|Any CPU.ActiveCfg = Debug|Any CPU
		{72051060-C9A2-45C0-B149-8D0C68D6D64F}.Debug|Any CPU.Build.0 = Debug|Any CPU
		{72051060-C9A2-45C0-B149-8D0C68D6D64F}.Debug|Any CPU.Deploy.0 = Debug|Any CPU
		{72051060-C9A2-45C0-B149-8D0C68D6D64F}.Debug|iPhone.ActiveCfg = Debug|Any CPU
		{72051060-C9A2-45C0-B149-8D0C68D6D64F}.Debug|iPhone.Build.0 = Debug|Any CPU
		{72051060-C9A2-45C0-B149-8D0C68D6D64F}.Debug|iPhone.Deploy.0 = Debug|Any CPU
		{72051060-C9A2-45C0-B149-8D0C68D6D64F}.Debug|iPhoneSimulator.ActiveCfg = Debug|Any CPU
		{72051060-C9A2-45C0-B149-8D0C68D6D64F}.Debug|iPhoneSimulator.Build.0 = Debug|Any CPU
		{72051060-C9A2-45C0-B149-8D0C68D6D64F}.Debug|iPhoneSimulator.Deploy.0 = Debug|Any CPU
		{72051060-C9A2-45C0-B149-8D0C68D6D64F}.Release|Any CPU.ActiveCfg = Release|Any CPU
		{72051060-C9A2-45C0-B149-8D0C68D6D64F}.Release|Any CPU.Build.0 = Release|Any CPU
		{72051060-C9A2-45C0-B149-8D0C68D6D64F}.Release|Any CPU.Deploy.0 = Release|Any CPU
		{72051060-C9A2-45C0-B149-8D0C68D6D64F}.Release|iPhone.ActiveCfg = Release|Any CPU
		{72051060-C9A2-45C0-B149-8D0C68D6D64F}.Release|iPhone.Build.0 = Release|Any CPU
		{72051060-C9A2-45C0-B149-8D0C68D6D64F}.Release|iPhone.Deploy.0 = Release|Any CPU
		{72051060-C9A2-45C0-B149-8D0C68D6D64F}.Release|iPhoneSimulator.ActiveCfg = Release|Any CPU
		{72051060-C9A2-45C0-B149-8D0C68D6D64F}.Release|iPhoneSimulator.Build.0 = Release|Any CPU
		{72051060-C9A2-45C0-B149-8D0C68D6D64F}.Release|iPhoneSimulator.Deploy.0 = Release|Any CPU
		{04FBDA40-E437-4512-BE53-9B4C8579DB01}.Debug|Any CPU.ActiveCfg = Debug|Any CPU
		{04FBDA40-E437-4512-BE53-9B4C8579DB01}.Debug|Any CPU.Build.0 = Debug|Any CPU
		{04FBDA40-E437-4512-BE53-9B4C8579DB01}.Debug|iPhone.ActiveCfg = Debug|Any CPU
		{04FBDA40-E437-4512-BE53-9B4C8579DB01}.Debug|iPhone.Build.0 = Debug|Any CPU
		{04FBDA40-E437-4512-BE53-9B4C8579DB01}.Debug|iPhoneSimulator.ActiveCfg = Debug|Any CPU
		{04FBDA40-E437-4512-BE53-9B4C8579DB01}.Debug|iPhoneSimulator.Build.0 = Debug|Any CPU
		{04FBDA40-E437-4512-BE53-9B4C8579DB01}.Release|Any CPU.ActiveCfg = Release|Any CPU
		{04FBDA40-E437-4512-BE53-9B4C8579DB01}.Release|Any CPU.Build.0 = Release|Any CPU
		{04FBDA40-E437-4512-BE53-9B4C8579DB01}.Release|iPhone.ActiveCfg = Release|Any CPU
		{04FBDA40-E437-4512-BE53-9B4C8579DB01}.Release|iPhone.Build.0 = Release|Any CPU
		{04FBDA40-E437-4512-BE53-9B4C8579DB01}.Release|iPhoneSimulator.ActiveCfg = Release|Any CPU
		{04FBDA40-E437-4512-BE53-9B4C8579DB01}.Release|iPhoneSimulator.Build.0 = Release|Any CPU
	EndGlobalSection
	GlobalSection(SolutionProperties) = preSolution
		HideSolutionNode = FALSE
	EndGlobalSection
	GlobalSection(ExtensibilityGlobals) = postSolution
		SolutionGuid = {743B8DB0-CA92-46DF-A084-976C0CD06916}
	EndGlobalSection
EndGlobal
